PODS:
  - GLib (0.8.1):
    - GLib/Core (= 0.8.1)
    - SideMenu (~> 5.0)
    - SnapKit (~> 4.0)
    - SVProgressHUD (~> 2.2)
    - SwiftIconFont (~> 3.0)
    - SwiftyJSON (= 4.1)
  - GLib/Core (0.8.1):
    - Kingfisher (~> 4.0)
    - SideMenu (~> 5.0)
    - SnapKit (~> 4.0)
    - SVProgressHUD (~> 2.2)
    - SwiftIconFont (~> 3.0)
    - SwiftyJSON (= 4.1)
  - Kingfisher (4.10.1)
  - SideMenu (5.0.3)
  - SnapKit (4.2.0)
  - SVProgressHUD (2.2.5)
  - SwiftIconFont (3.0.0)
  - SwiftyJSON (4.1.0)

DEPENDENCIES:
  - GLib (from `../`)

SPEC REPOS:
  https://github.com/cocoapods/specs.git:
    - Kingfisher
    - SideMenu
    - SnapKit
    - SVProgressHUD
    - SwiftIconFont
    - SwiftyJSON

EXTERNAL SOURCES:
  GLib:
    :path: "../"

SPEC CHECKSUMS:
  GLib: d9ba459e5812d1aef4f0f11c3afdf03bd81a8c9f
  Kingfisher: c148cd7b47ebde9989f6bc7c27dcaa79d81279a0
  SideMenu: 1dcaabce84538c53325c287f7fe62999379a641c
  SnapKit: fe8a619752f3f27075cc9a90244d75c6c3f27e2a
  SVProgressHUD: 1428aafac632c1f86f62aa4243ec12008d7a51d6
  SwiftIconFont: 2ba18554a77c44948dc35b561b344e3c23834a84
  SwiftyJSON: c29297daf073d2aa016295d5809cdd68045c39b3

PODFILE CHECKSUM: 18b550848203d246dc1607ee600d01626a0dff7a

COCOAPODS: 1.5.3
